<?xml version="1.0" encoding="UTF-8" standalone="yes" ?>
<CodeBlocks_project_file>
	<FileVersion major="1" minor="6" />
	<Project>
		<Option title="Celixteus" />
		<Option pch_mode="2" />
		<Option compiler="gcc" />
		<Build>
			<Target title="Debug">
				<Option output="bin/Debug/Celixteus" prefix_auto="1" extension_auto="1" />
				<Option object_output="obj/Debug/" />
				<Option type="1" />
				<Option compiler="gcc" />
				<Compiler>
					<Add option="-march=corei7" />
					<Add option="-std=c++14" />
					<Add option="-m64" />
					<Add option="-g" />
					<Add directory="include" />
				</Compiler>
				<Linker>
					<Add option="-m64" />
					<Add option="-static-libstdc++" />
					<Add option="-static-libgcc" />
					<Add option="-Wl,--allow-multiple-definition" />
					<Add option="-pthread" />
					<Add library="/usr/lib/x86_64-linux-gnu/liballegro.so" />
					<Add library="/usr/lib/x86_64-linux-gnu/liballegro_acodec.so" />
					<Add library="/usr/lib/x86_64-linux-gnu/liballegro_audio.so" />
					<Add library="/usr/lib/x86_64-linux-gnu/liballegro_color.so" />
					<Add library="/usr/lib/x86_64-linux-gnu/liballegro_dialog.so" />
					<Add library="/usr/lib/x86_64-linux-gnu/liballegro_font.so" />
					<Add library="/usr/lib/x86_64-linux-gnu/liballegro_image.so" />
					<Add library="/usr/lib/x86_64-linux-gnu/liballegro_main.so" />
					<Add library="/usr/lib/x86_64-linux-gnu/liballegro_memfile.so" />
					<Add library="/usr/lib/x86_64-linux-gnu/liballegro_physfs.so" />
					<Add library="/usr/lib/x86_64-linux-gnu/liballegro_primitives.so" />
					<Add library="/usr/lib/x86_64-linux-gnu/liballegro_ttf.so" />
					<Add library="/usr/lib/x86_64-linux-gnu/liballegro_video.so" />
				</Linker>
			</Target>
			<Target title="Release">
				<Option output="bin/Release/Celixteus" prefix_auto="1" extension_auto="1" />
				<Option object_output="obj/Release/" />
				<Option type="1" />
				<Option compiler="gcc" />
				<Compiler>
					<Add option="-march=corei7" />
					<Add option="-O3" />
					<Add option="-std=c++14" />
					<Add option="-m64" />
					<Add directory="include" />
				</Compiler>
				<Linker>
					<Add option="-s" />
					<Add option="-m64" />
					<Add option="-static-libstdc++" />
					<Add option="-static-libgcc" />
					<Add option="-Wl,--allow-multiple-definition" />
					<Add option="-pthread" />
					<Add library="/usr/lib/x86_64-linux-gnu/liballegro.so" />
					<Add library="/usr/lib/x86_64-linux-gnu/liballegro_acodec.so" />
					<Add library="/usr/lib/x86_64-linux-gnu/liballegro_audio.so" />
					<Add library="/usr/lib/x86_64-linux-gnu/liballegro_color.so" />
					<Add library="/usr/lib/x86_64-linux-gnu/liballegro_dialog.so" />
					<Add library="/usr/lib/x86_64-linux-gnu/liballegro_font.so" />
					<Add library="/usr/lib/x86_64-linux-gnu/liballegro_image.so" />
					<Add library="/usr/lib/x86_64-linux-gnu/liballegro_main.so" />
					<Add library="/usr/lib/x86_64-linux-gnu/liballegro_memfile.so" />
					<Add library="/usr/lib/x86_64-linux-gnu/liballegro_physfs.so" />
					<Add library="/usr/lib/x86_64-linux-gnu/liballegro_primitives.so" />
					<Add library="/usr/lib/x86_64-linux-gnu/liballegro_ttf.so" />
					<Add library="/usr/lib/x86_64-linux-gnu/liballegro_video.so" />
				</Linker>
			</Target>
		</Build>
		<Compiler>
			<Add option="-Wall" />
			<Add option="-fexceptions" />
		</Compiler>
		<Unit filename="include/AbstractTilePlaceable.h" />
		<Unit filename="include/AbstractView.h" />
		<Unit filename="include/Bonus.h" />
		<Unit filename="include/Cluster.h" />
		<Unit filename="include/ClusterView.h" />
		<Unit filename="include/Existence.h" />
		<Unit filename="include/ExistenceView.h" />
		<Unit filename="include/Galaxy.h" />
		<Unit filename="include/GalaxyView.h" />
		<Unit filename="include/Planet.h" />
		<Unit filename="include/PlanetView.h" />
		<Unit filename="include/Player.h" />
		<Unit filename="include/PlayerBonus.h" />
		<Unit filename="include/PlayerPresence.h" />
		<Unit filename="include/SolarSys.h" />
		<Unit filename="include/SolarSysView.h" />
		<Unit filename="include/SuperCluster.h" />
		<Unit filename="include/SuperClusterView.h" />
		<Unit filename="include/Tile.h" />
		<Unit filename="include/TileMiner.h" />
		<Unit filename="include/Universe.h" />
		<Unit filename="include/UniverseView.h" />
		<Unit filename="main.cpp" />
		<Unit filename="src/AbstractTilePlaceable.cpp" />
		<Unit filename="src/AbstractView.cpp" />
		<Unit filename="src/Bonus.cpp" />
		<Unit filename="src/Cluster.cpp" />
		<Unit filename="src/ClusterView.cpp" />
		<Unit filename="src/Existence.cpp" />
		<Unit filename="src/ExistenceView.cpp" />
		<Unit filename="src/Galaxy.cpp" />
		<Unit filename="src/GalaxyView.cpp" />
		<Unit filename="src/Planet.cpp" />
		<Unit filename="src/PlanetView.cpp" />
		<Unit filename="src/Player.cpp" />
		<Unit filename="src/PlayerBonus.cpp" />
		<Unit filename="src/PlayerPresence.cpp" />
		<Unit filename="src/SolarSys.cpp" />
		<Unit filename="src/SolarSysView.cpp" />
		<Unit filename="src/SuperCluster.cpp" />
		<Unit filename="src/SuperClusterView.cpp" />
		<Unit filename="src/Tile.cpp" />
		<Unit filename="src/TileMiner.cpp" />
		<Unit filename="src/Universe.cpp" />
		<Unit filename="src/UniverseView.cpp" />
		<Extensions>
			<code_completion />
			<envvars />
			<lib_finder disable_auto="1" />
			<debugger />
		</Extensions>
	</Project>
</CodeBlocks_project_file>
